
Microsoft Visual Studio Solution File, Format Version 12.00
# Visual Studio Version 16
VisualStudioVersion = 16.0.33927.289
MinimumVisualStudioVersion = 10.0.40219.1
Project("{2150E333-8FDC-42A3-9474-1A3956D46DE8}") = "Task0", "Task0", "{2929EAA5-923A-47E2-B5E4-344E93863AC8}"
EndProject
Project("{FAE04EC0-301F-11D3-BF4B-00C04F79EFBC}") = "Tyuiu.LyaginVA.Sprint0.Task0.V0", "Tyuiu.LyaginVA.Sprint0.Task0.V0\Tyuiu.LyaginVA.Sprint0.Task0.V0.csproj", "{077FB28A-B354-4B2C-B638-1CDC142CCF55}"
EndProject
Project("{2150E333-8FDC-42A3-9474-1A3956D46DE8}") = "Task1", "Task1", "{C4289312-3C66-4639-BF90-EA32BF1C8006}"
EndProject
Project("{FAE04EC0-301F-11D3-BF4B-00C04F79EFBC}") = "Tyuiu.LyaginVA.Sprint0.Task1.V0", "Tyuiu.LyaginVA.Sprint0.Task1.V0\Tyuiu.LyaginVA.Sprint0.Task1.V0.csproj", "{A9C1C420-EBBC-4825-A4AE-6D3A4880F62F}"
EndProject
Project("{2150E333-8FDC-42A3-9474-1A3956D46DE8}") = "Task2", "Task2", "{A1C6455F-BD34-4E64-9203-986DFA6B9E87}"
EndProject
Project("{FAE04EC0-301F-11D3-BF4B-00C04F79EFBC}") = "Tyuiu.LyaginVA.Sprint0.Task2.V0", "Tyuiu.LyaginVA.Sprint0.Task2.V0\Tyuiu.LyaginVA.Sprint0.Task2.V0.csproj", "{C794FE9C-0CA2-4228-B208-109F59F759A5}"
EndProject
Project("{FAE04EC0-301F-11D3-BF4B-00C04F79EFBC}") = "Tyuiu.LyaginVA.Sprint0.Task2.V0.Lib", "Tyuiu.LyaginVA.Sprint0.Task2.V0.Lib\Tyuiu.LyaginVA.Sprint0.Task2.V0.Lib.csproj", "{F2476159-5BD7-4330-9835-336C70531CE3}"
EndProject
Project("{FAE04EC0-301F-11D3-BF4B-00C04F79EFBC}") = "Tyuiu.LyaginVA.Sprint0.Task2.V0.Test", "Tyuiu.LyaginVA.Sprint0.Task2.V0.Test\Tyuiu.LyaginVA.Sprint0.Task2.V0.Test.csproj", "{55F9FB5A-AEE6-48C7-AA1A-9C179C028697}"
EndProject
Project("{2150E333-8FDC-42A3-9474-1A3956D46DE8}") = "Task3", "Task3", "{8663A421-A421-4607-B37F-2C16C1FB2A00}"
EndProject
Project("{FAE04EC0-301F-11D3-BF4B-00C04F79EFBC}") = "Tyuiu.LyaginVA.Sprint0.Task3.V0", "Tyuiu.LyaginVA.Sprint0.Task3.V0\Tyuiu.LyaginVA.Sprint0.Task3.V0.csproj", "{05280936-4449-41EA-A302-9ED3BB42E237}"
EndProject
Project("{FAE04EC0-301F-11D3-BF4B-00C04F79EFBC}") = "Tyuiu.LyaginVA.Sprint0.Task3.V0.Lib", "Tyuiu.LyaginVA.Sprint0.Task3.V0.Lib\Tyuiu.LyaginVA.Sprint0.Task3.V0.Lib.csproj", "{8ED66D4E-ABED-49CC-B58D-544888D75B3D}"
EndProject
Project("{FAE04EC0-301F-11D3-BF4B-00C04F79EFBC}") = "Tyuiu.LyaginVA.Sprint0.Task3.V0.Test", "Tyuiu.LyaginVA.Sprint0.Task3.V0.Test\Tyuiu.LyaginVA.Sprint0.Task3.V0.Test.csproj", "{B118CE70-D52F-41D4-9512-32F6687F46EE}"
EndProject
Project("{2150E333-8FDC-42A3-9474-1A3956D46DE8}") = "Task4", "Task4", "{8C53CDD3-7BC1-4CE9-8607-DF586E845B1C}"
EndProject
Project("{FAE04EC0-301F-11D3-BF4B-00C04F79EFBC}") = "Tyuiu.LyaginVA.Sprint0.Task4.V0", "Tyuiu.LyaginVA.Sprint0.Task4.V0\Tyuiu.LyaginVA.Sprint0.Task4.V0.csproj", "{E355D89F-416E-44E1-930A-57097809F86B}"
EndProject
Project("{FAE04EC0-301F-11D3-BF4B-00C04F79EFBC}") = "Tyuiu.LyaginVA.Sprint0.Task4.V0.Lib", "Tyuiu.LyaginVA.Sprint0.Task4.V0.Lib\Tyuiu.LyaginVA.Sprint0.Task4.V0.Lib.csproj", "{CF6BCC28-3FDD-46B9-BA09-7DF33480312A}"
EndProject
Project("{FAE04EC0-301F-11D3-BF4B-00C04F79EFBC}") = "Tyuiu.LyaginVA.Sprint0.Task4.V0.Test", "Tyuiu.LyaginVA.Sprint0.Task4.V0.Test\Tyuiu.LyaginVA.Sprint0.Task4.V0.Test.csproj", "{DBD9EAC4-AD08-49B4-9335-FD5538C248A3}"
EndProject
Project("{2150E333-8FDC-42A3-9474-1A3956D46DE8}") = "Task5", "Task5", "{443187A7-2A08-4ACF-A3E0-EA652D075008}"
EndProject
Project("{FAE04EC0-301F-11D3-BF4B-00C04F79EFBC}") = "Tyuiu.LyaginVA.Sprint0.Task5.V0", "Tyuiu.LyaginVA.Sprint0.Task5.V0\Tyuiu.LyaginVA.Sprint0.Task5.V0.csproj", "{302CCAA6-260F-46DC-8936-232E3BED8F54}"
EndProject
Project("{FAE04EC0-301F-11D3-BF4B-00C04F79EFBC}") = "Tyuiu.LyaginVA.Sprint0.Task5.V0.Lib", "Tyuiu.LyaginVA.Sprint0.Task5.V0.Lib\Tyuiu.LyaginVA.Sprint0.Task5.V0.Lib.csproj", "{CA39BF96-D6AD-4476-AF5F-D4E66DACB206}"
EndProject
Project("{FAE04EC0-301F-11D3-BF4B-00C04F79EFBC}") = "Tyuiu.LyaginVA.Sprint0.Task5.V0.Test", "Tyuiu.LyaginVA.Sprint0.Task5.V0.Test\Tyuiu.LyaginVA.Sprint0.Task5.V0.Test.csproj", "{4B022B39-ADF2-45D0-BC8F-57D6A70E3DBD}"
EndProject
Global
	GlobalSection(SolutionConfigurationPlatforms) = preSolution
		Debug|Any CPU = Debug|Any CPU
		Release|Any CPU = Release|Any CPU
	EndGlobalSection
	GlobalSection(ProjectConfigurationPlatforms) = postSolution
		{077FB28A-B354-4B2C-B638-1CDC142CCF55}.Debug|Any CPU.ActiveCfg = Debug|Any CPU
		{077FB28A-B354-4B2C-B638-1CDC142CCF55}.Debug|Any CPU.Build.0 = Debug|Any CPU
		{077FB28A-B354-4B2C-B638-1CDC142CCF55}.Release|Any CPU.ActiveCfg = Release|Any CPU
		{077FB28A-B354-4B2C-B638-1CDC142CCF55}.Release|Any CPU.Build.0 = Release|Any CPU
		{A9C1C420-EBBC-4825-A4AE-6D3A4880F62F}.Debug|Any CPU.ActiveCfg = Debug|Any CPU
		{A9C1C420-EBBC-4825-A4AE-6D3A4880F62F}.Debug|Any CPU.Build.0 = Debug|Any CPU
		{A9C1C420-EBBC-4825-A4AE-6D3A4880F62F}.Release|Any CPU.ActiveCfg = Release|Any CPU
		{A9C1C420-EBBC-4825-A4AE-6D3A4880F62F}.Release|Any CPU.Build.0 = Release|Any CPU
		{C794FE9C-0CA2-4228-B208-109F59F759A5}.Debug|Any CPU.ActiveCfg = Debug|Any CPU
		{C794FE9C-0CA2-4228-B208-109F59F759A5}.Debug|Any CPU.Build.0 = Debug|Any CPU
		{C794FE9C-0CA2-4228-B208-109F59F759A5}.Release|Any CPU.ActiveCfg = Release|Any CPU
		{C794FE9C-0CA2-4228-B208-109F59F759A5}.Release|Any CPU.Build.0 = Release|Any CPU
		{F2476159-5BD7-4330-9835-336C70531CE3}.Debug|Any CPU.ActiveCfg = Debug|Any CPU
		{F2476159-5BD7-4330-9835-336C70531CE3}.Debug|Any CPU.Build.0 = Debug|Any CPU
		{F2476159-5BD7-4330-9835-336C70531CE3}.Release|Any CPU.ActiveCfg = Release|Any CPU
		{F2476159-5BD7-4330-9835-336C70531CE3}.Release|Any CPU.Build.0 = Release|Any CPU
		{55F9FB5A-AEE6-48C7-AA1A-9C179C028697}.Debug|Any CPU.ActiveCfg = Debug|Any CPU
		{55F9FB5A-AEE6-48C7-AA1A-9C179C028697}.Debug|Any CPU.Build.0 = Debug|Any CPU
		{55F9FB5A-AEE6-48C7-AA1A-9C179C028697}.Release|Any CPU.ActiveCfg = Release|Any CPU
		{55F9FB5A-AEE6-48C7-AA1A-9C179C028697}.Release|Any CPU.Build.0 = Release|Any CPU
		{05280936-4449-41EA-A302-9ED3BB42E237}.Debug|Any CPU.ActiveCfg = Debug|Any CPU
		{05280936-4449-41EA-A302-9ED3BB42E237}.Debug|Any CPU.Build.0 = Debug|Any CPU
		{05280936-4449-41EA-A302-9ED3BB42E237}.Release|Any CPU.ActiveCfg = Release|Any CPU
		{05280936-4449-41EA-A302-9ED3BB42E237}.Release|Any CPU.Build.0 = Release|Any CPU
		{8ED66D4E-ABED-49CC-B58D-544888D75B3D}.Debug|Any CPU.ActiveCfg = Debug|Any CPU
		{8ED66D4E-ABED-49CC-B58D-544888D75B3D}.Debug|Any CPU.Build.0 = Debug|Any CPU
		{8ED66D4E-ABED-49CC-B58D-544888D75B3D}.Release|Any CPU.ActiveCfg = Release|Any CPU
		{8ED66D4E-ABED-49CC-B58D-544888D75B3D}.Release|Any CPU.Build.0 = Release|Any CPU
		{B118CE70-D52F-41D4-9512-32F6687F46EE}.Debug|Any CPU.ActiveCfg = Debug|Any CPU
		{B118CE70-D52F-41D4-9512-32F6687F46EE}.Debug|Any CPU.Build.0 = Debug|Any CPU
		{B118CE70-D52F-41D4-9512-32F6687F46EE}.Release|Any CPU.ActiveCfg = Release|Any CPU
		{B118CE70-D52F-41D4-9512-32F6687F46EE}.Release|Any CPU.Build.0 = Release|Any CPU
		{E355D89F-416E-44E1-930A-57097809F86B}.Debug|Any CPU.ActiveCfg = Debug|Any CPU
		{E355D89F-416E-44E1-930A-57097809F86B}.Debug|Any CPU.Build.0 = Debug|Any CPU
		{E355D89F-416E-44E1-930A-57097809F86B}.Release|Any CPU.ActiveCfg = Release|Any CPU
		{E355D89F-416E-44E1-930A-57097809F86B}.Release|Any CPU.Build.0 = Release|Any CPU
		{CF6BCC28-3FDD-46B9-BA09-7DF33480312A}.Debug|Any CPU.ActiveCfg = Debug|Any CPU
		{CF6BCC28-3FDD-46B9-BA09-7DF33480312A}.Debug|Any CPU.Build.0 = Debug|Any CPU
		{CF6BCC28-3FDD-46B9-BA09-7DF33480312A}.Release|Any CPU.ActiveCfg = Release|Any CPU
		{CF6BCC28-3FDD-46B9-BA09-7DF33480312A}.Release|Any CPU.Build.0 = Release|Any CPU
		{DBD9EAC4-AD08-49B4-9335-FD5538C248A3}.Debug|Any CPU.ActiveCfg = Debug|Any CPU
		{DBD9EAC4-AD08-49B4-9335-FD5538C248A3}.Debug|Any CPU.Build.0 = Debug|Any CPU
		{DBD9EAC4-AD08-49B4-9335-FD5538C248A3}.Release|Any CPU.ActiveCfg = Release|Any CPU
		{DBD9EAC4-AD08-49B4-9335-FD5538C248A3}.Release|Any CPU.Build.0 = Release|Any CPU
		{302CCAA6-260F-46DC-8936-232E3BED8F54}.Debug|Any CPU.ActiveCfg = Debug|Any CPU
		{302CCAA6-260F-46DC-8936-232E3BED8F54}.Debug|Any CPU.Build.0 = Debug|Any CPU
		{302CCAA6-260F-46DC-8936-232E3BED8F54}.Release|Any CPU.ActiveCfg = Release|Any CPU
		{302CCAA6-260F-46DC-8936-232E3BED8F54}.Release|Any CPU.Build.0 = Release|Any CPU
		{CA39BF96-D6AD-4476-AF5F-D4E66DACB206}.Debug|Any CPU.ActiveCfg = Debug|Any CPU
		{CA39BF96-D6AD-4476-AF5F-D4E66DACB206}.Debug|Any CPU.Build.0 = Debug|Any CPU
		{CA39BF96-D6AD-4476-AF5F-D4E66DACB206}.Release|Any CPU.ActiveCfg = Release|Any CPU
		{CA39BF96-D6AD-4476-AF5F-D4E66DACB206}.Release|Any CPU.Build.0 = Release|Any CPU
		{4B022B39-ADF2-45D0-BC8F-57D6A70E3DBD}.Debug|Any CPU.ActiveCfg = Debug|Any CPU
		{4B022B39-ADF2-45D0-BC8F-57D6A70E3DBD}.Debug|Any CPU.Build.0 = Debug|Any CPU
		{4B022B39-ADF2-45D0-BC8F-57D6A70E3DBD}.Release|Any CPU.ActiveCfg = Release|Any CPU
		{4B022B39-ADF2-45D0-BC8F-57D6A70E3DBD}.Release|Any CPU.Build.0 = Release|Any CPU
	EndGlobalSection
	GlobalSection(SolutionProperties) = preSolution
		HideSolutionNode = FALSE
	EndGlobalSection
	GlobalSection(NestedProjects) = preSolution
		{077FB28A-B354-4B2C-B638-1CDC142CCF55} = {2929EAA5-923A-47E2-B5E4-344E93863AC8}
		{A9C1C420-EBBC-4825-A4AE-6D3A4880F62F} = {C4289312-3C66-4639-BF90-EA32BF1C8006}
		{C794FE9C-0CA2-4228-B208-109F59F759A5} = {A1C6455F-BD34-4E64-9203-986DFA6B9E87}
		{F2476159-5BD7-4330-9835-336C70531CE3} = {A1C6455F-BD34-4E64-9203-986DFA6B9E87}
		{55F9FB5A-AEE6-48C7-AA1A-9C179C028697} = {A1C6455F-BD34-4E64-9203-986DFA6B9E87}
		{05280936-4449-41EA-A302-9ED3BB42E237} = {8663A421-A421-4607-B37F-2C16C1FB2A00}
		{8ED66D4E-ABED-49CC-B58D-544888D75B3D} = {8663A421-A421-4607-B37F-2C16C1FB2A00}
		{B118CE70-D52F-41D4-9512-32F6687F46EE} = {8663A421-A421-4607-B37F-2C16C1FB2A00}
		{E355D89F-416E-44E1-930A-57097809F86B} = {8C53CDD3-7BC1-4CE9-8607-DF586E845B1C}
		{CF6BCC28-3FDD-46B9-BA09-7DF33480312A} = {8C53CDD3-7BC1-4CE9-8607-DF586E845B1C}
		{DBD9EAC4-AD08-49B4-9335-FD5538C248A3} = {8C53CDD3-7BC1-4CE9-8607-DF586E845B1C}
		{302CCAA6-260F-46DC-8936-232E3BED8F54} = {443187A7-2A08-4ACF-A3E0-EA652D075008}
		{CA39BF96-D6AD-4476-AF5F-D4E66DACB206} = {443187A7-2A08-4ACF-A3E0-EA652D075008}
		{4B022B39-ADF2-45D0-BC8F-57D6A70E3DBD} = {443187A7-2A08-4ACF-A3E0-EA652D075008}
	EndGlobalSection
	GlobalSection(ExtensibilityGlobals) = postSolution
		SolutionGuid = {AF23D59C-4B72-4294-9094-19B24FCA5EB4}
	EndGlobalSection
EndGlobal
